
Microsoft Visual Studio Solution File, Format Version 12.00
# Visual Studio Version 16
VisualStudioVersion = 16.0.33328.57
MinimumVisualStudioVersion = 10.0.40219.1
Project("{FAE04EC0-301F-11D3-BF4B-00C04F79EFBC}") = "skillproject", "skillproject\skillproject.csproj", "{D738B8A2-C569-4C81-AD4B-3C0922E57538}"
EndProject
Global
	GlobalSection(SolutionConfigurationPlatforms) = preSolution
		Debug|Any CPU = Debug|Any CPU
		Release|Any CPU = Release|Any CPU
	EndGlobalSection
	GlobalSection(ProjectConfigurationPlatforms) = postSolution
		{D738B8A2-C569-4C81-AD4B-3C0922E57538}.Debug|Any CPU.ActiveCfg = Debug|Any CPU
		{D738B8A2-C569-4C81-AD4B-3C0922E57538}.Debug|Any CPU.Build.0 = Debug|Any CPU
		{D738B8A2-C569-4C81-AD4B-3C0922E57538}.Release|Any CPU.ActiveCfg = Release|Any CPU
		{D738B8A2-C569-4C81-AD4B-3C0922E57538}.Release|Any CPU.Build.0 = Release|Any CPU
	EndGlobalSection
	GlobalSection(SolutionProperties) = preSolution
		HideSolutionNode = FALSE
	EndGlobalSection
	GlobalSection(ExtensibilityGlobals) = postSolution
		SolutionGuid = {02A618C9-9F77-45AD-BC10-8F4A38C498EE}
	EndGlobalSection
EndGlobal
